
Microsoft Visual Studio Solution File, Format Version 12.00
# Visual Studio 14
VisualStudioVersion = 14.0.24720.0
MinimumVisualStudioVersion = 10.0.40219.1
Project("{FAE04EC0-301F-11D3-BF4B-00C04F79EFBC}") = "Chavp.Accounting.Test", "Chavp.Accounting.Test\Chavp.Accounting.Test.csproj", "{D701B9D8-30BB-4A62-BFEE-D9AFBFE44E98}"
EndProject
Project("{FAE04EC0-301F-11D3-BF4B-00C04F79EFBC}") = "Chavp.Accounting", "Chavp.Accounting\Chavp.Accounting.csproj", "{6D99E841-63AA-4BB0-9CC7-2AF2B358CDD4}"
EndProject
Global
	GlobalSection(SolutionConfigurationPlatforms) = preSolution
		Debug|Any CPU = Debug|Any CPU
		Release|Any CPU = Release|Any CPU
	EndGlobalSection
	GlobalSection(ProjectConfigurationPlatforms) = postSolution
		{D701B9D8-30BB-4A62-BFEE-D9AFBFE44E98}.Debug|Any CPU.ActiveCfg = Debug|Any CPU
		{D701B9D8-30BB-4A62-BFEE-D9AFBFE44E98}.Debug|Any CPU.Build.0 = Debug|Any CPU
		{D701B9D8-30BB-4A62-BFEE-D9AFBFE44E98}.Release|Any CPU.ActiveCfg = Release|Any CPU
		{D701B9D8-30BB-4A62-BFEE-D9AFBFE44E98}.Release|Any CPU.Build.0 = Release|Any CPU
		{6D99E841-63AA-4BB0-9CC7-2AF2B358CDD4}.Debug|Any CPU.ActiveCfg = Debug|Any CPU
		{6D99E841-63AA-4BB0-9CC7-2AF2B358CDD4}.Debug|Any CPU.Build.0 = Debug|Any CPU
		{6D99E841-63AA-4BB0-9CC7-2AF2B358CDD4}.Release|Any CPU.ActiveCfg = Release|Any CPU
		{6D99E841-63AA-4BB0-9CC7-2AF2B358CDD4}.Release|Any CPU.Build.0 = Release|Any CPU
	EndGlobalSection
	GlobalSection(SolutionProperties) = preSolution
		HideSolutionNode = FALSE
	EndGlobalSection
EndGlobal
